
Microsoft Visual Studio Solution File, Format Version 12.00
Project("{FAE04EC0-301F-11D3-BF4B-00C04F79EFBC}") = "Magbat.Core", "Magbat.Core\Magbat.Core.csproj", "{95CB83BA-86BD-4BAE-9899-C634EFF7C79E}"
EndProject
Project("{FAE04EC0-301F-11D3-BF4B-00C04F79EFBC}") = "Magbat.Sim", "Magbat.Sim\Magbat.Sim.csproj", "{9AD1358D-B4AA-4583-B904-F5CE5283F245}"
EndProject
Project("{FAE04EC0-301F-11D3-BF4B-00C04F79EFBC}") = "Magbat.Tests", "Magbat.Tests\Magbat.Tests.csproj", "{8663CD2E-E994-4023-9B5E-9DFC72137856}"
EndProject
Global
	GlobalSection(SolutionConfigurationPlatforms) = preSolution
		Debug|Any CPU = Debug|Any CPU
		Release|Any CPU = Release|Any CPU
	EndGlobalSection
	GlobalSection(ProjectConfigurationPlatforms) = postSolution
		{95CB83BA-86BD-4BAE-9899-C634EFF7C79E}.Debug|Any CPU.ActiveCfg = Debug|Any CPU
		{95CB83BA-86BD-4BAE-9899-C634EFF7C79E}.Debug|Any CPU.Build.0 = Debug|Any CPU
		{95CB83BA-86BD-4BAE-9899-C634EFF7C79E}.Release|Any CPU.ActiveCfg = Release|Any CPU
		{95CB83BA-86BD-4BAE-9899-C634EFF7C79E}.Release|Any CPU.Build.0 = Release|Any CPU
		{9AD1358D-B4AA-4583-B904-F5CE5283F245}.Debug|Any CPU.ActiveCfg = Debug|Any CPU
		{9AD1358D-B4AA-4583-B904-F5CE5283F245}.Debug|Any CPU.Build.0 = Debug|Any CPU
		{9AD1358D-B4AA-4583-B904-F5CE5283F245}.Release|Any CPU.ActiveCfg = Release|Any CPU
		{9AD1358D-B4AA-4583-B904-F5CE5283F245}.Release|Any CPU.Build.0 = Release|Any CPU
		{8663CD2E-E994-4023-9B5E-9DFC72137856}.Debug|Any CPU.ActiveCfg = Debug|Any CPU
		{8663CD2E-E994-4023-9B5E-9DFC72137856}.Debug|Any CPU.Build.0 = Debug|Any CPU
		{8663CD2E-E994-4023-9B5E-9DFC72137856}.Release|Any CPU.ActiveCfg = Release|Any CPU
		{8663CD2E-E994-4023-9B5E-9DFC72137856}.Release|Any CPU.Build.0 = Release|Any CPU
	EndGlobalSection
EndGlobal
